
Microsoft Visual Studio Solution File, Format Version 12.00
# Visual Studio Version 17
VisualStudioVersion = 17.11.35303.130
MinimumVisualStudioVersion = 10.0.40219.1
Project("{FAE04EC0-301F-11D3-BF4B-00C04F79EFBC}") = "Akin.TransportApp.Test", "Akin.TransportApp.Test\Akin.TransportApp.Test.csproj", "{13E7C6E2-61E8-44D7-8527-ABECE7A6C22B}"
EndProject
Project("{FAE04EC0-301F-11D3-BF4B-00C04F79EFBC}") = "Akin.TransportApp.Framework", "Akin.TransportApp.Framework\Akin.TransportApp.Framework.csproj", "{D05EFCCF-6C1D-4425-955C-C4B4C6EAA708}"
EndProject
Global
	GlobalSection(SolutionConfigurationPlatforms) = preSolution
		Debug|Any CPU = Debug|Any CPU
		Release|Any CPU = Release|Any CPU
	EndGlobalSection
	GlobalSection(ProjectConfigurationPlatforms) = postSolution
		{13E7C6E2-61E8-44D7-8527-ABECE7A6C22B}.Debug|Any CPU.ActiveCfg = Debug|Any CPU
		{13E7C6E2-61E8-44D7-8527-ABECE7A6C22B}.Debug|Any CPU.Build.0 = Debug|Any CPU
		{13E7C6E2-61E8-44D7-8527-ABECE7A6C22B}.Release|Any CPU.ActiveCfg = Release|Any CPU
		{13E7C6E2-61E8-44D7-8527-ABECE7A6C22B}.Release|Any CPU.Build.0 = Release|Any CPU
		{D05EFCCF-6C1D-4425-955C-C4B4C6EAA708}.Debug|Any CPU.ActiveCfg = Debug|Any CPU
		{D05EFCCF-6C1D-4425-955C-C4B4C6EAA708}.Debug|Any CPU.Build.0 = Debug|Any CPU
		{D05EFCCF-6C1D-4425-955C-C4B4C6EAA708}.Release|Any CPU.ActiveCfg = Release|Any CPU
		{D05EFCCF-6C1D-4425-955C-C4B4C6EAA708}.Release|Any CPU.Build.0 = Release|Any CPU
	EndGlobalSection
	GlobalSection(SolutionProperties) = preSolution
		HideSolutionNode = FALSE
	EndGlobalSection
	GlobalSection(ExtensibilityGlobals) = postSolution
		SolutionGuid = {647A4DF0-A5A8-41B3-A362-4A29EE4F393B}
	EndGlobalSection
EndGlobal
